
Microsoft Visual Studio Solution File, Format Version 12.00
# Visual Studio Version 17
VisualStudioVersion = 17.14.37027.9
MinimumVisualStudioVersion = 10.0.40219.1
Project("{8BC9CEB8-8B4A-11D0-8D11-00A0C91BC942}") = "Program", "Program.vcxproj", "{DBD9AAB7-A5A1-4095-8968-2EE87954EBEE}"
EndProject
Project("{8BC9CEB8-8B4A-11D0-8D11-00A0C91BC942}") = "Class 1th (Input System", "..\Class 1th (Input System\Class 1th (Input System.vcxproj", "{C643A405-EAA8-4A68-92D3-3AB9AC34C855}"
EndProject
Project("{8BC9CEB8-8B4A-11D0-8D11-00A0C91BC942}") = "Class 2th (Time System)", "..\Class 2th (Time System)\Class 2th (Time System).vcxproj", "{314E41B7-048C-445D-84EB-D4B5506714DE}"
EndProject
Project("{8BC9CEB8-8B4A-11D0-8D11-00A0C91BC942}") = "Class 3th (File Input & Output)", "..\Class 3th (File Input & Output)\Class 3th (File Input & Output).vcxproj", "{7C2F73A5-F56C-4F71-B8BD-2EAF89585C9C}"
EndProject
Project("{8BC9CEB8-8B4A-11D0-8D11-00A0C91BC942}") = "Class 4th (Color System)", "..\Class 4th (Color System)\Class 4th (Color System).vcxproj", "{F3CF5EC4-AE3E-456E-B37D-61C90FD7B630}"
EndProject
Project("{8BC9CEB8-8B4A-11D0-8D11-00A0C91BC942}") = "Class 5th (Double Buffering)", "..\Class 5th (Double Buffering)\Class 5th (Double Buffering).vcxproj", "{F8950177-5AB9-41CB-B972-0076697481AB}"
EndProject
Global
	GlobalSection(SolutionConfigurationPlatforms) = preSolution
		Debug|x64 = Debug|x64
		Debug|x86 = Debug|x86
		Release|x64 = Release|x64
		Release|x86 = Release|x86
	EndGlobalSection
	GlobalSection(ProjectConfigurationPlatforms) = postSolution
		{DBD9AAB7-A5A1-4095-8968-2EE87954EBEE}.Debug|x64.ActiveCfg = Debug|x64
		{DBD9AAB7-A5A1-4095-8968-2EE87954EBEE}.Debug|x64.Build.0 = Debug|x64
		{DBD9AAB7-A5A1-4095-8968-2EE87954EBEE}.Debug|x86.ActiveCfg = Debug|Win32
		{DBD9AAB7-A5A1-4095-8968-2EE87954EBEE}.Debug|x86.Build.0 = Debug|Win32
		{DBD9AAB7-A5A1-4095-8968-2EE87954EBEE}.Release|x64.ActiveCfg = Release|x64
		{DBD9AAB7-A5A1-4095-8968-2EE87954EBEE}.Release|x64.Build.0 = Release|x64
		{DBD9AAB7-A5A1-4095-8968-2EE87954EBEE}.Release|x86.ActiveCfg = Release|Win32
		{DBD9AAB7-A5A1-4095-8968-2EE87954EBEE}.Release|x86.Build.0 = Release|Win32
		{C643A405-EAA8-4A68-92D3-3AB9AC34C855}.Debug|x64.ActiveCfg = Debug|x64
		{C643A405-EAA8-4A68-92D3-3AB9AC34C855}.Debug|x64.Build.0 = Debug|x64
		{C643A405-EAA8-4A68-92D3-3AB9AC34C855}.Debug|x86.ActiveCfg = Debug|Win32
		{C643A405-EAA8-4A68-92D3-3AB9AC34C855}.Debug|x86.Build.0 = Debug|Win32
		{C643A405-EAA8-4A68-92D3-3AB9AC34C855}.Release|x64.ActiveCfg = Release|x64
		{C643A405-EAA8-4A68-92D3-3AB9AC34C855}.Release|x64.Build.0 = Release|x64
		{C643A405-EAA8-4A68-92D3-3AB9AC34C855}.Release|x86.ActiveCfg = Release|Win32
		{C643A405-EAA8-4A68-92D3-3AB9AC34C855}.Release|x86.Build.0 = Release|Win32
		{314E41B7-048C-445D-84EB-D4B5506714DE}.Debug|x64.ActiveCfg = Debug|x64
		{314E41B7-048C-445D-84EB-D4B5506714DE}.Debug|x64.Build.0 = Debug|x64
		{314E41B7-048C-445D-84EB-D4B5506714DE}.Debug|x86.ActiveCfg = Debug|Win32
		{314E41B7-048C-445D-84EB-D4B5506714DE}.Debug|x86.Build.0 = Debug|Win32
		{314E41B7-048C-445D-84EB-D4B5506714DE}.Release|x64.ActiveCfg = Release|x64
		{314E41B7-048C-445D-84EB-D4B5506714DE}.Release|x64.Build.0 = Release|x64
		{314E41B7-048C-445D-84EB-D4B5506714DE}.Release|x86.ActiveCfg = Release|Win32
		{314E41B7-048C-445D-84EB-D4B5506714DE}.Release|x86.Build.0 = Release|Win32
		{7C2F73A5-F56C-4F71-B8BD-2EAF89585C9C}.Debug|x64.ActiveCfg = Debug|x64
		{7C2F73A5-F56C-4F71-B8BD-2EAF89585C9C}.Debug|x64.Build.0 = Debug|x64
		{7C2F73A5-F56C-4F71-B8BD-2EAF89585C9C}.Debug|x86.ActiveCfg = Debug|Win32
		{7C2F73A5-F56C-4F71-B8BD-2EAF89585C9C}.Debug|x86.Build.0 = Debug|Win32
		{7C2F73A5-F56C-4F71-B8BD-2EAF89585C9C}.Release|x64.ActiveCfg = Release|x64
		{7C2F73A5-F56C-4F71-B8BD-2EAF89585C9C}.Release|x64.Build.0 = Release|x64
		{7C2F73A5-F56C-4F71-B8BD-2EAF89585C9C}.Release|x86.ActiveCfg = Release|Win32
		{7C2F73A5-F56C-4F71-B8BD-2EAF89585C9C}.Release|x86.Build.0 = Release|Win32
		{F3CF5EC4-AE3E-456E-B37D-61C90FD7B630}.Debug|x64.ActiveCfg = Debug|x64
		{F3CF5EC4-AE3E-456E-B37D-61C90FD7B630}.Debug|x64.Build.0 = Debug|x64
		{F3CF5EC4-AE3E-456E-B37D-61C90FD7B630}.Debug|x86.ActiveCfg = Debug|Win32
		{F3CF5EC4-AE3E-456E-B37D-61C90FD7B630}.Debug|x86.Build.0 = Debug|Win32
		{F3CF5EC4-AE3E-456E-B37D-61C90FD7B630}.Release|x64.ActiveCfg = Release|x64
		{F3CF5EC4-AE3E-456E-B37D-61C90FD7B630}.Release|x64.Build.0 = Release|x64
		{F3CF5EC4-AE3E-456E-B37D-61C90FD7B630}.Release|x86.ActiveCfg = Release|Win32
		{F3CF5EC4-AE3E-456E-B37D-61C90FD7B630}.Release|x86.Build.0 = Release|Win32
		{F8950177-5AB9-41CB-B972-0076697481AB}.Debug|x64.ActiveCfg = Debug|x64
		{F8950177-5AB9-41CB-B972-0076697481AB}.Debug|x64.Build.0 = Debug|x64
		{F8950177-5AB9-41CB-B972-0076697481AB}.Debug|x86.ActiveCfg = Debug|Win32
		{F8950177-5AB9-41CB-B972-0076697481AB}.Debug|x86.Build.0 = Debug|Win32
		{F8950177-5AB9-41CB-B972-0076697481AB}.Release|x64.ActiveCfg = Release|x64
		{F8950177-5AB9-41CB-B972-0076697481AB}.Release|x64.Build.0 = Release|x64
		{F8950177-5AB9-41CB-B972-0076697481AB}.Release|x86.ActiveCfg = Release|Win32
		{F8950177-5AB9-41CB-B972-0076697481AB}.Release|x86.Build.0 = Release|Win32
	EndGlobalSection
	GlobalSection(SolutionProperties) = preSolution
		HideSolutionNode = FALSE
	EndGlobalSection
	GlobalSection(ExtensibilityGlobals) = postSolution
		SolutionGuid = {29BE8780-69DF-42AF-84D9-DA081546A44B}
	EndGlobalSection
EndGlobal
